
Microsoft Visual Studio Solution File, Format Version 12.00
# Visual Studio Version 17
VisualStudioVersion = 17.0.31903.59
MinimumVisualStudioVersion = 10.0.40219.1
Project("{2150E333-8FDC-42A3-9474-1A3956D46DE8}") = "src", "src", "{827E0CD3-B72D-47B6-A68D-7590B98EB39B}"
EndProject
Project("{FAE04EC0-301F-11D3-BF4B-00C04F79EFBC}") = "MesCopilot.Domain", "src\MesCopilot.Domain\MesCopilot.Domain.csproj", "{F951DE77-3277-4981-A918-5071B9F84A7E}"
EndProject
Project("{FAE04EC0-301F-11D3-BF4B-00C04F79EFBC}") = "MesCopilot.Infrastructure", "src\MesCopilot.Infrastructure\MesCopilot.Infrastructure.csproj", "{A0F8E4ED-DA72-4D5E-AE9F-973133C18B7F}"
EndProject
Project("{FAE04EC0-301F-11D3-BF4B-00C04F79EFBC}") = "MesCopilot.Application", "src\MesCopilot.Application\MesCopilot.Application.csproj", "{202E4E18-4A52-497F-A682-F6428E1F4FC8}"
EndProject
Project("{FAE04EC0-301F-11D3-BF4B-00C04F79EFBC}") = "MesCopilot.Agent", "src\MesCopilot.Agent\MesCopilot.Agent.csproj", "{7A1373CF-05E8-4D9D-A5B2-0537273A93D9}"
EndProject
Project("{FAE04EC0-301F-11D3-BF4B-00C04F79EFBC}") = "MesCopilot.Api", "src\MesCopilot.Api\MesCopilot.Api.csproj", "{C3B09CD2-D396-4674-A7F8-C72F3820144B}"
EndProject
Project("{FAE04EC0-301F-11D3-BF4B-00C04F79EFBC}") = "MesCopilot.DeviceSimulator", "src\MesCopilot.DeviceSimulator\MesCopilot.DeviceSimulator.csproj", "{846CB26E-6293-4F5C-A01E-71B8D7C12BF9}"
EndProject
Project("{2150E333-8FDC-42A3-9474-1A3956D46DE8}") = "tests", "tests", "{0AB3BF05-4346-4AA6-1389-037BE0695223}"
EndProject
Project("{FAE04EC0-301F-11D3-BF4B-00C04F79EFBC}") = "MesCopilot.UnitTests", "tests\MesCopilot.UnitTests\MesCopilot.UnitTests.csproj", "{879E5775-0AD3-47D3-B88E-61D359F61577}"
EndProject
Project("{FAE04EC0-301F-11D3-BF4B-00C04F79EFBC}") = "MesCopilot.IntegrationTests", "tests\MesCopilot.IntegrationTests\MesCopilot.IntegrationTests.csproj", "{2DE89029-1725-40C8-9D63-4D4F3D91A11D}"
EndProject
Global
	GlobalSection(SolutionConfigurationPlatforms) = preSolution
		Debug|Any CPU = Debug|Any CPU
		Debug|x64 = Debug|x64
		Debug|x86 = Debug|x86
		Release|Any CPU = Release|Any CPU
		Release|x64 = Release|x64
		Release|x86 = Release|x86
	EndGlobalSection
	GlobalSection(ProjectConfigurationPlatforms) = postSolution
		{F951DE77-3277-4981-A918-5071B9F84A7E}.Debug|Any CPU.ActiveCfg = Debug|Any CPU
		{F951DE77-3277-4981-A918-5071B9F84A7E}.Debug|Any CPU.Build.0 = Debug|Any CPU
		{F951DE77-3277-4981-A918-5071B9F84A7E}.Debug|x64.ActiveCfg = Debug|Any CPU
		{F951DE77-3277-4981-A918-5071B9F84A7E}.Debug|x64.Build.0 = Debug|Any CPU
		{F951DE77-3277-4981-A918-5071B9F84A7E}.Debug|x86.ActiveCfg = Debug|Any CPU
		{F951DE77-3277-4981-A918-5071B9F84A7E}.Debug|x86.Build.0 = Debug|Any CPU
		{F951DE77-3277-4981-A918-5071B9F84A7E}.Release|Any CPU.ActiveCfg = Release|Any CPU
		{F951DE77-3277-4981-A918-5071B9F84A7E}.Release|Any CPU.Build.0 = Release|Any CPU
		{F951DE77-3277-4981-A918-5071B9F84A7E}.Release|x64.ActiveCfg = Release|Any CPU
		{F951DE77-3277-4981-A918-5071B9F84A7E}.Release|x64.Build.0 = Release|Any CPU
		{F951DE77-3277-4981-A918-5071B9F84A7E}.Release|x86.ActiveCfg = Release|Any CPU
		{F951DE77-3277-4981-A918-5071B9F84A7E}.Release|x86.Build.0 = Release|Any CPU
		{A0F8E4ED-DA72-4D5E-AE9F-973133C18B7F}.Debug|Any CPU.ActiveCfg = Debug|Any CPU
		{A0F8E4ED-DA72-4D5E-AE9F-973133C18B7F}.Debug|Any CPU.Build.0 = Debug|Any CPU
		{A0F8E4ED-DA72-4D5E-AE9F-973133C18B7F}.Debug|x64.ActiveCfg = Debug|Any CPU
		{A0F8E4ED-DA72-4D5E-AE9F-973133C18B7F}.Debug|x64.Build.0 = Debug|Any CPU
		{A0F8E4ED-DA72-4D5E-AE9F-973133C18B7F}.Debug|x86.ActiveCfg = Debug|Any CPU
		{A0F8E4ED-DA72-4D5E-AE9F-973133C18B7F}.Debug|x86.Build.0 = Debug|Any CPU
		{A0F8E4ED-DA72-4D5E-AE9F-973133C18B7F}.Release|Any CPU.ActiveCfg = Release|Any CPU
		{A0F8E4ED-DA72-4D5E-AE9F-973133C18B7F}.Release|Any CPU.Build.0 = Release|Any CPU
		{A0F8E4ED-DA72-4D5E-AE9F-973133C18B7F}.Release|x64.ActiveCfg = Release|Any CPU
		{A0F8E4ED-DA72-4D5E-AE9F-973133C18B7F}.Release|x64.Build.0 = Release|Any CPU
		{A0F8E4ED-DA72-4D5E-AE9F-973133C18B7F}.Release|x86.ActiveCfg = Release|Any CPU
		{A0F8E4ED-DA72-4D5E-AE9F-973133C18B7F}.Release|x86.Build.0 = Release|Any CPU
		{202E4E18-4A52-497F-A682-F6428E1F4FC8}.Debug|Any CPU.ActiveCfg = Debug|Any CPU
		{202E4E18-4A52-497F-A682-F6428E1F4FC8}.Debug|Any CPU.Build.0 = Debug|Any CPU
		{202E4E18-4A52-497F-A682-F6428E1F4FC8}.Debug|x64.ActiveCfg = Debug|Any CPU
		{202E4E18-4A52-497F-A682-F6428E1F4FC8}.Debug|x64.Build.0 = Debug|Any CPU
		{202E4E18-4A52-497F-A682-F6428E1F4FC8}.Debug|x86.ActiveCfg = Debug|Any CPU
		{202E4E18-4A52-497F-A682-F6428E1F4FC8}.Debug|x86.Build.0 = Debug|Any CPU
		{202E4E18-4A52-497F-A682-F6428E1F4FC8}.Release|Any CPU.ActiveCfg = Release|Any CPU
		{202E4E18-4A52-497F-A682-F6428E1F4FC8}.Release|Any CPU.Build.0 = Release|Any CPU
		{202E4E18-4A52-497F-A682-F6428E1F4FC8}.Release|x64.ActiveCfg = Release|Any CPU
		{202E4E18-4A52-497F-A682-F6428E1F4FC8}.Release|x64.Build.0 = Release|Any CPU
		{202E4E18-4A52-497F-A682-F6428E1F4FC8}.Release|x86.ActiveCfg = Release|Any CPU
		{202E4E18-4A52-497F-A682-F6428E1F4FC8}.Release|x86.Build.0 = Release|Any CPU
		{7A1373CF-05E8-4D9D-A5B2-0537273A93D9}.Debug|Any CPU.ActiveCfg = Debug|Any CPU
		{7A1373CF-05E8-4D9D-A5B2-0537273A93D9}.Debug|Any CPU.Build.0 = Debug|Any CPU
		{7A1373CF-05E8-4D9D-A5B2-0537273A93D9}.Debug|x64.ActiveCfg = Debug|Any CPU
		{7A1373CF-05E8-4D9D-A5B2-0537273A93D9}.Debug|x64.Build.0 = Debug|Any CPU
		{7A1373CF-05E8-4D9D-A5B2-0537273A93D9}.Debug|x86.ActiveCfg = Debug|Any CPU
		{7A1373CF-05E8-4D9D-A5B2-0537273A93D9}.Debug|x86.Build.0 = Debug|Any CPU
		{7A1373CF-05E8-4D9D-A5B2-0537273A93D9}.Release|Any CPU.ActiveCfg = Release|Any CPU
		{7A1373CF-05E8-4D9D-A5B2-0537273A93D9}.Release|Any CPU.Build.0 = Release|Any CPU
		{7A1373CF-05E8-4D9D-A5B2-0537273A93D9}.Release|x64.ActiveCfg = Release|Any CPU
		{7A1373CF-05E8-4D9D-A5B2-0537273A93D9}.Release|x64.Build.0 = Release|Any CPU
		{7A1373CF-05E8-4D9D-A5B2-0537273A93D9}.Release|x86.ActiveCfg = Release|Any CPU
		{7A1373CF-05E8-4D9D-A5B2-0537273A93D9}.Release|x86.Build.0 = Release|Any CPU
		{C3B09CD2-D396-4674-A7F8-C72F3820144B}.Debug|Any CPU.ActiveCfg = Debug|Any CPU
		{C3B09CD2-D396-4674-A7F8-C72F3820144B}.Debug|Any CPU.Build.0 = Debug|Any CPU
		{C3B09CD2-D396-4674-A7F8-C72F3820144B}.Debug|x64.ActiveCfg = Debug|Any CPU
		{C3B09CD2-D396-4674-A7F8-C72F3820144B}.Debug|x64.Build.0 = Debug|Any CPU
		{C3B09CD2-D396-4674-A7F8-C72F3820144B}.Debug|x86.ActiveCfg = Debug|Any CPU
		{C3B09CD2-D396-4674-A7F8-C72F3820144B}.Debug|x86.Build.0 = Debug|Any CPU
		{C3B09CD2-D396-4674-A7F8-C72F3820144B}.Release|Any CPU.ActiveCfg = Release|Any CPU
		{C3B09CD2-D396-4674-A7F8-C72F3820144B}.Release|Any CPU.Build.0 = Release|Any CPU
		{C3B09CD2-D396-4674-A7F8-C72F3820144B}.Release|x64.ActiveCfg = Release|Any CPU
		{C3B09CD2-D396-4674-A7F8-C72F3820144B}.Release|x64.Build.0 = Release|Any CPU
		{C3B09CD2-D396-4674-A7F8-C72F3820144B}.Release|x86.ActiveCfg = Release|Any CPU
		{C3B09CD2-D396-4674-A7F8-C72F3820144B}.Release|x86.Build.0 = Release|Any CPU
		{846CB26E-6293-4F5C-A01E-71B8D7C12BF9}.Debug|Any CPU.ActiveCfg = Debug|Any CPU
		{846CB26E-6293-4F5C-A01E-71B8D7C12BF9}.Debug|Any CPU.Build.0 = Debug|Any CPU
		{846CB26E-6293-4F5C-A01E-71B8D7C12BF9}.Debug|x64.ActiveCfg = Debug|Any CPU
		{846CB26E-6293-4F5C-A01E-71B8D7C12BF9}.Debug|x64.Build.0 = Debug|Any CPU
		{846CB26E-6293-4F5C-A01E-71B8D7C12BF9}.Debug|x86.ActiveCfg = Debug|Any CPU
		{846CB26E-6293-4F5C-A01E-71B8D7C12BF9}.Debug|x86.Build.0 = Debug|Any CPU
		{846CB26E-6293-4F5C-A01E-71B8D7C12BF9}.Release|Any CPU.ActiveCfg = Release|Any CPU
		{846CB26E-6293-4F5C-A01E-71B8D7C12BF9}.Release|Any CPU.Build.0 = Release|Any CPU
		{846CB26E-6293-4F5C-A01E-71B8D7C12BF9}.Release|x64.ActiveCfg = Release|Any CPU
		{846CB26E-6293-4F5C-A01E-71B8D7C12BF9}.Release|x64.Build.0 = Release|Any CPU
		{846CB26E-6293-4F5C-A01E-71B8D7C12BF9}.Release|x86.ActiveCfg = Release|Any CPU
		{846CB26E-6293-4F5C-A01E-71B8D7C12BF9}.Release|x86.Build.0 = Release|Any CPU
		{879E5775-0AD3-47D3-B88E-61D359F61577}.Debug|Any CPU.ActiveCfg = Debug|Any CPU
		{879E5775-0AD3-47D3-B88E-61D359F61577}.Debug|Any CPU.Build.0 = Debug|Any CPU
		{879E5775-0AD3-47D3-B88E-61D359F61577}.Debug|x64.ActiveCfg = Debug|Any CPU
		{879E5775-0AD3-47D3-B88E-61D359F61577}.Debug|x64.Build.0 = Debug|Any CPU
		{879E5775-0AD3-47D3-B88E-61D359F61577}.Debug|x86.ActiveCfg = Debug|Any CPU
		{879E5775-0AD3-47D3-B88E-61D359F61577}.Debug|x86.Build.0 = Debug|Any CPU
		{879E5775-0AD3-47D3-B88E-61D359F61577}.Release|Any CPU.ActiveCfg = Release|Any CPU
		{879E5775-0AD3-47D3-B88E-61D359F61577}.Release|Any CPU.Build.0 = Release|Any CPU
		{879E5775-0AD3-47D3-B88E-61D359F61577}.Release|x64.ActiveCfg = Release|Any CPU
		{879E5775-0AD3-47D3-B88E-61D359F61577}.Release|x64.Build.0 = Release|Any CPU
		{879E5775-0AD3-47D3-B88E-61D359F61577}.Release|x86.ActiveCfg = Release|Any CPU
		{879E5775-0AD3-47D3-B88E-61D359F61577}.Release|x86.Build.0 = Release|Any CPU
		{2DE89029-1725-40C8-9D63-4D4F3D91A11D}.Debug|Any CPU.ActiveCfg = Debug|Any CPU
		{2DE89029-1725-40C8-9D63-4D4F3D91A11D}.Debug|Any CPU.Build.0 = Debug|Any CPU
		{2DE89029-1725-40C8-9D63-4D4F3D91A11D}.Debug|x64.ActiveCfg = Debug|Any CPU
		{2DE89029-1725-40C8-9D63-4D4F3D91A11D}.Debug|x64.Build.0 = Debug|Any CPU
		{2DE89029-1725-40C8-9D63-4D4F3D91A11D}.Debug|x86.ActiveCfg = Debug|Any CPU
		{2DE89029-1725-40C8-9D63-4D4F3D91A11D}.Debug|x86.Build.0 = Debug|Any CPU
		{2DE89029-1725-40C8-9D63-4D4F3D91A11D}.Release|Any CPU.ActiveCfg = Release|Any CPU
		{2DE89029-1725-40C8-9D63-4D4F3D91A11D}.Release|Any CPU.Build.0 = Release|Any CPU
		{2DE89029-1725-40C8-9D63-4D4F3D91A11D}.Release|x64.ActiveCfg = Release|Any CPU
		{2DE89029-1725-40C8-9D63-4D4F3D91A11D}.Release|x64.Build.0 = Release|Any CPU
		{2DE89029-1725-40C8-9D63-4D4F3D91A11D}.Release|x86.ActiveCfg = Release|Any CPU
		{2DE89029-1725-40C8-9D63-4D4F3D91A11D}.Release|x86.Build.0 = Release|Any CPU
	EndGlobalSection
	GlobalSection(SolutionProperties) = preSolution
		HideSolutionNode = FALSE
	EndGlobalSection
	GlobalSection(NestedProjects) = preSolution
		{F951DE77-3277-4981-A918-5071B9F84A7E} = {827E0CD3-B72D-47B6-A68D-7590B98EB39B}
		{A0F8E4ED-DA72-4D5E-AE9F-973133C18B7F} = {827E0CD3-B72D-47B6-A68D-7590B98EB39B}
		{202E4E18-4A52-497F-A682-F6428E1F4FC8} = {827E0CD3-B72D-47B6-A68D-7590B98EB39B}
		{7A1373CF-05E8-4D9D-A5B2-0537273A93D9} = {827E0CD3-B72D-47B6-A68D-7590B98EB39B}
		{C3B09CD2-D396-4674-A7F8-C72F3820144B} = {827E0CD3-B72D-47B6-A68D-7590B98EB39B}
		{846CB26E-6293-4F5C-A01E-71B8D7C12BF9} = {827E0CD3-B72D-47B6-A68D-7590B98EB39B}
		{879E5775-0AD3-47D3-B88E-61D359F61577} = {0AB3BF05-4346-4AA6-1389-037BE0695223}
		{2DE89029-1725-40C8-9D63-4D4F3D91A11D} = {0AB3BF05-4346-4AA6-1389-037BE0695223}
	EndGlobalSection
EndGlobal
